
Microsoft Visual Studio Solution File, Format Version 12.00
# Visual Studio 15
VisualStudioVersion = 15.0.28307.421
MinimumVisualStudioVersion = 10.0.40219.1
Project("{9A19103F-16F7-4668-BE54-9A1E7A4F7556}") = "FactorioConsoleManagerApp", "FactorioConsoleManagerApp\FactorioConsoleManagerApp.csproj", "{1BAA3EF6-0FDD-4AB1-908A-88786A6C2E6B}"
EndProject
Project("{FAE04EC0-301F-11D3-BF4B-00C04F79EFBC}") = "FactorioConsoleManagerApp.Tests", "FactorioConsoleManagerApp.Tests\FactorioConsoleManagerApp.Tests.csproj", "{11F24DA6-4601-4D89-9EB0-59CE0A5C9268}"
EndProject
Global
	GlobalSection(SolutionConfigurationPlatforms) = preSolution
		Debug|Any CPU = Debug|Any CPU
		Release|Any CPU = Release|Any CPU
	EndGlobalSection
	GlobalSection(ProjectConfigurationPlatforms) = postSolution
		{1BAA3EF6-0FDD-4AB1-908A-88786A6C2E6B}.Debug|Any CPU.ActiveCfg = Debug|Any CPU
		{1BAA3EF6-0FDD-4AB1-908A-88786A6C2E6B}.Debug|Any CPU.Build.0 = Debug|Any CPU
		{1BAA3EF6-0FDD-4AB1-908A-88786A6C2E6B}.Release|Any CPU.ActiveCfg = Release|Any CPU
		{1BAA3EF6-0FDD-4AB1-908A-88786A6C2E6B}.Release|Any CPU.Build.0 = Release|Any CPU
		{11F24DA6-4601-4D89-9EB0-59CE0A5C9268}.Debug|Any CPU.ActiveCfg = Debug|Any CPU
		{11F24DA6-4601-4D89-9EB0-59CE0A5C9268}.Debug|Any CPU.Build.0 = Debug|Any CPU
		{11F24DA6-4601-4D89-9EB0-59CE0A5C9268}.Release|Any CPU.ActiveCfg = Release|Any CPU
		{11F24DA6-4601-4D89-9EB0-59CE0A5C9268}.Release|Any CPU.Build.0 = Release|Any CPU
	EndGlobalSection
	GlobalSection(SolutionProperties) = preSolution
		HideSolutionNode = FALSE
	EndGlobalSection
	GlobalSection(ExtensibilityGlobals) = postSolution
		SolutionGuid = {84019CC2-2E0B-4088-A3EB-7085E824E8A9}
	EndGlobalSection
EndGlobal
